{
    "_readme": [
        "This file locks the dependencies of your project to a known state",
        "Read more about it at https://getcomposer.org/doc/01-basic-usage.md#installing-dependencies",
        "This file is @generated automatically"
    ],
    "content-hash": "b055d906486f1df4ba2d85edf236b37e",
    "packages": [
        {
            "name": "clue/socket-raw",
            "version": "v1.6.0",
            "source": {
                "type": "git",
                "url": "https://github.com/clue/socket-raw.git",
                "reference": "91e9f619f6769f931454a9882c21ffd7623d06cb"
            },
            "dist": {
                "type": "zip",
                "url": "https://api.github.com/repos/clue/socket-raw/zipball/91e9f619f6769f931454a9882c21ffd7623d06cb",
                "reference": "91e9f619f6769f931454a9882c21ffd7623d06cb",
                "shasum": ""
            },
            "require": {
                "ext-sockets": "*",
                "php": ">=5.3"
            },
            "require-dev": {
                "phpunit/phpunit": "^9.3 || ^5.7 || ^4.8.35"
            },
            "type": "library",
            "autoload": {
                "psr-4": {
                    "Socket\\Raw\\": "src"
                }
            },
            "notification-url": "https://packagist.org/downloads/",
            "license": [
                "MIT"
            ],
            "authors": [
                {
                    "name": "Christian Lück",
                    "email": "christian@clue.engineering"
                }
            ],
            "description": "Simple and lightweight OOP wrapper for PHP's low-level sockets extension (ext-sockets).",
            "homepage": "https://github.com/clue/socket-raw",
            "keywords": [
                "Socket",
                "client",
                "datagram",
                "dgram",
                "icmp",
                "ipv6",
                "server",
                "stream",
                "tcp",
                "udg",
                "udp",
                "unix"
            ],
            "support": {
                "issues": "https://github.com/clue/socket-raw/issues",
                "source": "https://github.com/clue/socket-raw/tree/v1.6.0"
            },
            "funding": [
                {
                    "url": "https://clue.engineering/support",
                    "type": "custom"
                },
                {
                    "url": "https://github.com/clue",
                    "type": "github"
                }
            ],
            "time": "2022-04-14T14:58:06+00:00"
        },
        {
            "name": "phpinnacle/buffer",
            "version": "1.2.0",
            "source": {
                "type": "git",
                "url": "https://github.com/phpinnacle/buffer.git",
                "reference": "1e98e90a1260819613c70ea8aae4de7a039829ab"
            },
            "dist": {
                "type": "zip",
                "url": "https://api.github.com/repos/phpinnacle/buffer/zipball/1e98e90a1260819613c70ea8aae4de7a039829ab",
                "reference": "1e98e90a1260819613c70ea8aae4de7a039829ab",
                "shasum": ""
            },
            "require": {
                "php": ">=7.3"
            },
            "require-dev": {
                "phpunit/phpunit": "^9.0"
            },
            "suggest": {
                "ext-buffer": "C extension to speed up pack/unpack binary data"
            },
            "type": "library",
            "extra": {
                "branch-alias": {
                    "dev-master": "1.0-dev"
                }
            },
            "autoload": {
                "psr-4": {
                    "PHPinnacle\\Buffer\\": "src/"
                }
            },
            "notification-url": "https://packagist.org/downloads/",
            "license": [
                "MIT"
            ],
            "authors": [
                {
                    "name": "PHPinnacle",
                    "email": "dev@phpinnacle.com",
                    "homepage": "https://phpinnacle.com",
                    "role": "Developer"
                }
            ],
            "description": "PHPinnacle binary buffer implementation",
            "homepage": "https://github.com/phpinnacle/buffer",
            "keywords": [
                "Buffer",
                "binary",
                "binary data",
                "byte buffer",
                "pack",
                "phpinnacle",
                "unpack"
            ],
            "support": {
                "issues": "https://github.com/phpinnacle/buffer/issues",
                "source": "https://github.com/phpinnacle/buffer/tree/1.2.0"
            },
            "time": "2021-01-03T09:10:01+00:00"
        }
    ],
    "packages-dev": [
        {
            "name": "jetbrains/phpstorm-attributes",
            "version": "1.0",
            "source": {
                "type": "git",
                "url": "https://github.com/JetBrains/phpstorm-attributes.git",
                "reference": "a7a83ae5df4dd3c0875484483de19de8edf60a9f"
            },
            "dist": {
                "type": "zip",
                "url": "https://api.github.com/repos/JetBrains/phpstorm-attributes/zipball/a7a83ae5df4dd3c0875484483de19de8edf60a9f",
                "reference": "a7a83ae5df4dd3c0875484483de19de8edf60a9f",
                "shasum": ""
            },
            "type": "library",
            "autoload": {
                "psr-4": {
                    "JetBrains\\PhpStorm\\": "src/"
                }
            },
            "notification-url": "https://packagist.org/downloads/",
            "license": [
                "Apache-2.0"
            ],
            "authors": [
                {
                    "name": "JetBrains",
                    "homepage": "https://www.jetbrains.com"
                }
            ],
            "description": "PhpStorm specific attributes",
            "keywords": [
                "attributes",
                "jetbrains",
                "phpstorm"
            ],
            "support": {
                "issues": "https://youtrack.jetbrains.com/newIssue?project=WI",
                "source": "https://github.com/JetBrains/phpstorm-attributes/tree/1.0"
            },
            "time": "2020-11-17T11:09:47+00:00"
        }
    ],
    "aliases": [],
    "minimum-stability": "stable",
    "stability-flags": [],
    "prefer-stable": false,
    "prefer-lowest": false,
    "platform": {
        "ext-sockets": "*"
    },
    "platform-dev": [],
    "plugin-api-version": "2.3.0"
}
